
Microsoft Visual Studio Solution File, Format Version 11.00
# Visual Studio 2010
Project("{FAE04EC0-301F-11D3-BF4B-00C04F79EFBC}") = "Gibbed.Dunia2.FileFormats", "Gibbed.Dunia2.FileFormats\Gibbed.Dunia2.FileFormats.csproj", "{936B8D92-3DD5-4CF5-9C87-A36A073E6BC2}"
EndProject
Project("{2150E333-8FDC-42A3-9474-1A3956D46DE8}") = "Misc", "Misc", "{2E201B56-277D-40F6-8CAB-A9BC9D48C0A0}"
EndProject
Project("{FAE04EC0-301F-11D3-BF4B-00C04F79EFBC}") = "Gibbed.IO", "Gibbed.IO\Gibbed.IO.csproj", "{047857BA-DAA3-4CA7-AFB8-A1B082B28C6A}"
EndProject
Project("{FAE04EC0-301F-11D3-BF4B-00C04F79EFBC}") = "NDesk.Options", "NDesk.Options\NDesk.Options.csproj", "{C98A6CD6-9422-4B35-8B7A-F520D75534D1}"
EndProject
Project("{FAE04EC0-301F-11D3-BF4B-00C04F79EFBC}") = "Test", "Test\Test.csproj", "{88599CAD-CE3A-4320-8EF7-A01EA72A2ED6}"
EndProject
Project("{FAE04EC0-301F-11D3-BF4B-00C04F79EFBC}") = "Gibbed.Dunia2.Unpack", "Gibbed.Dunia2.Unpack\Gibbed.Dunia2.Unpack.csproj", "{3AFC0511-F4F4-4AFE-AF44-DA8384A7BC8E}"
EndProject
Project("{FAE04EC0-301F-11D3-BF4B-00C04F79EFBC}") = "Gibbed.ProjectData", "Gibbed.ProjectData\Gibbed.ProjectData.csproj", "{F27A289E-3376-4653-89F3-D19C1ECABF33}"
EndProject
Project("{FAE04EC0-301F-11D3-BF4B-00C04F79EFBC}") = "Gibbed.FarCry3.FileFormats", "Gibbed.FarCry3.FileFormats\Gibbed.FarCry3.FileFormats.csproj", "{05BE44A7-DA2B-4631-8F6D-CA1C518A07D0}"
EndProject
Project("{FAE04EC0-301F-11D3-BF4B-00C04F79EFBC}") = "RebuildFileLists", "RebuildFileLists\RebuildFileLists.csproj", "{0DDD1B5F-14B2-4118-A306-1ED5BE05CA86}"
EndProject
Project("{FAE04EC0-301F-11D3-BF4B-00C04F79EFBC}") = "Gibbed.Dunia2.Pack", "Gibbed.Dunia2.Pack\Gibbed.Dunia2.Pack.csproj", "{331555F4-86A1-41D9-AB3C-CBBCAD5C2D90}"
EndProject
Project("{2150E333-8FDC-42A3-9474-1A3956D46DE8}") = "Dunia 2", "Dunia 2", "{4F52D6AF-0A03-442A-92CC-8ECFEB91E33A}"
EndProject
Project("{2150E333-8FDC-42A3-9474-1A3956D46DE8}") = "Far Cry 3", "Far Cry 3", "{FD3DBD4B-DD60-4B1B-B73F-A14F6791B876}"
EndProject
Project("{FAE04EC0-301F-11D3-BF4B-00C04F79EFBC}") = "Gibbed.FarCry3.MapUnpack", "Gibbed.FarCry3.MapUnpack\Gibbed.FarCry3.MapUnpack.csproj", "{1D770869-49CD-4B0D-AF21-1B94BB98E8F7}"
EndProject
Project("{FAE04EC0-301F-11D3-BF4B-00C04F79EFBC}") = "Gibbed.Dunia2.ConvertObjectBinary", "Gibbed.Dunia2.ConvertObjectBinary\Gibbed.Dunia2.ConvertObjectBinary.csproj", "{8B8FD634-A14B-4A30-A321-564ACE6A1CFB}"
EndProject
Project("{FAE04EC0-301F-11D3-BF4B-00C04F79EFBC}") = "Gibbed.Dunia2.ConvertXml", "Gibbed.Dunia2.ConvertXml\Gibbed.Dunia2.ConvertXml.csproj", "{892A5036-FF59-41E9-AFDC-BC489AC435CD}"
EndProject
Global
	GlobalSection(SolutionConfigurationPlatforms) = preSolution
		Debug|Any CPU = Debug|Any CPU
		Debug|Mixed Platforms = Debug|Mixed Platforms
		Debug|x86 = Debug|x86
		Release|Any CPU = Release|Any CPU
		Release|Mixed Platforms = Release|Mixed Platforms
		Release|x86 = Release|x86
	EndGlobalSection
	GlobalSection(ProjectConfigurationPlatforms) = postSolution
		{936B8D92-3DD5-4CF5-9C87-A36A073E6BC2}.Debug|Any CPU.ActiveCfg = Debug|Any CPU
		{936B8D92-3DD5-4CF5-9C87-A36A073E6BC2}.Debug|Any CPU.Build.0 = Debug|Any CPU
		{936B8D92-3DD5-4CF5-9C87-A36A073E6BC2}.Debug|Mixed Platforms.ActiveCfg = Debug|Any CPU
		{936B8D92-3DD5-4CF5-9C87-A36A073E6BC2}.Debug|Mixed Platforms.Build.0 = Debug|Any CPU
		{936B8D92-3DD5-4CF5-9C87-A36A073E6BC2}.Debug|x86.ActiveCfg = Debug|Any CPU
		{936B8D92-3DD5-4CF5-9C87-A36A073E6BC2}.Release|Any CPU.ActiveCfg = Release|Any CPU
		{936B8D92-3DD5-4CF5-9C87-A36A073E6BC2}.Release|Any CPU.Build.0 = Release|Any CPU
		{936B8D92-3DD5-4CF5-9C87-A36A073E6BC2}.Release|Mixed Platforms.ActiveCfg = Release|Any CPU
		{936B8D92-3DD5-4CF5-9C87-A36A073E6BC2}.Release|Mixed Platforms.Build.0 = Release|Any CPU
		{936B8D92-3DD5-4CF5-9C87-A36A073E6BC2}.Release|x86.ActiveCfg = Release|Any CPU
		{047857BA-DAA3-4CA7-AFB8-A1B082B28C6A}.Debug|Any CPU.ActiveCfg = Debug|Any CPU
		{047857BA-DAA3-4CA7-AFB8-A1B082B28C6A}.Debug|Any CPU.Build.0 = Debug|Any CPU
		{047857BA-DAA3-4CA7-AFB8-A1B082B28C6A}.Debug|Mixed Platforms.ActiveCfg = Debug|Any CPU
		{047857BA-DAA3-4CA7-AFB8-A1B082B28C6A}.Debug|Mixed Platforms.Build.0 = Debug|Any CPU
		{047857BA-DAA3-4CA7-AFB8-A1B082B28C6A}.Debug|x86.ActiveCfg = Debug|Any CPU
		{047857BA-DAA3-4CA7-AFB8-A1B082B28C6A}.Release|Any CPU.ActiveCfg = Release|Any CPU
		{047857BA-DAA3-4CA7-AFB8-A1B082B28C6A}.Release|Any CPU.Build.0 = Release|Any CPU
		{047857BA-DAA3-4CA7-AFB8-A1B082B28C6A}.Release|Mixed Platforms.ActiveCfg = Release|Any CPU
		{047857BA-DAA3-4CA7-AFB8-A1B082B28C6A}.Release|Mixed Platforms.Build.0 = Release|Any CPU
		{047857BA-DAA3-4CA7-AFB8-A1B082B28C6A}.Release|x86.ActiveCfg = Release|Any CPU
		{C98A6CD6-9422-4B35-8B7A-F520D75534D1}.Debug|Any CPU.ActiveCfg = Debug|Any CPU
		{C98A6CD6-9422-4B35-8B7A-F520D75534D1}.Debug|Any CPU.Build.0 = Debug|Any CPU
		{C98A6CD6-9422-4B35-8B7A-F520D75534D1}.Debug|Mixed Platforms.ActiveCfg = Debug|Any CPU
		{C98A6CD6-9422-4B35-8B7A-F520D75534D1}.Debug|Mixed Platforms.Build.0 = Debug|Any CPU
		{C98A6CD6-9422-4B35-8B7A-F520D75534D1}.Debug|x86.ActiveCfg = Debug|Any CPU
		{C98A6CD6-9422-4B35-8B7A-F520D75534D1}.Release|Any CPU.ActiveCfg = Release|Any CPU
		{C98A6CD6-9422-4B35-8B7A-F520D75534D1}.Release|Any CPU.Build.0 = Release|Any CPU
		{C98A6CD6-9422-4B35-8B7A-F520D75534D1}.Release|Mixed Platforms.ActiveCfg = Release|Any CPU
		{C98A6CD6-9422-4B35-8B7A-F520D75534D1}.Release|Mixed Platforms.Build.0 = Release|Any CPU
		{C98A6CD6-9422-4B35-8B7A-F520D75534D1}.Release|x86.ActiveCfg = Release|Any CPU
		{88599CAD-CE3A-4320-8EF7-A01EA72A2ED6}.Debug|Any CPU.ActiveCfg = Debug|x86
		{88599CAD-CE3A-4320-8EF7-A01EA72A2ED6}.Debug|Mixed Platforms.ActiveCfg = Debug|x86
		{88599CAD-CE3A-4320-8EF7-A01EA72A2ED6}.Debug|Mixed Platforms.Build.0 = Debug|x86
		{88599CAD-CE3A-4320-8EF7-A01EA72A2ED6}.Debug|x86.ActiveCfg = Debug|x86
		{88599CAD-CE3A-4320-8EF7-A01EA72A2ED6}.Debug|x86.Build.0 = Debug|x86
		{88599CAD-CE3A-4320-8EF7-A01EA72A2ED6}.Release|Any CPU.ActiveCfg = Release|x86
		{88599CAD-CE3A-4320-8EF7-A01EA72A2ED6}.Release|Mixed Platforms.ActiveCfg = Release|x86
		{88599CAD-CE3A-4320-8EF7-A01EA72A2ED6}.Release|Mixed Platforms.Build.0 = Release|x86
		{88599CAD-CE3A-4320-8EF7-A01EA72A2ED6}.Release|x86.ActiveCfg = Release|x86
		{88599CAD-CE3A-4320-8EF7-A01EA72A2ED6}.Release|x86.Build.0 = Release|x86
		{3AFC0511-F4F4-4AFE-AF44-DA8384A7BC8E}.Debug|Any CPU.ActiveCfg = Debug|x86
		{3AFC0511-F4F4-4AFE-AF44-DA8384A7BC8E}.Debug|Mixed Platforms.ActiveCfg = Debug|x86
		{3AFC0511-F4F4-4AFE-AF44-DA8384A7BC8E}.Debug|Mixed Platforms.Build.0 = Debug|x86
		{3AFC0511-F4F4-4AFE-AF44-DA8384A7BC8E}.Debug|x86.ActiveCfg = Debug|x86
		{3AFC0511-F4F4-4AFE-AF44-DA8384A7BC8E}.Debug|x86.Build.0 = Debug|x86
		{3AFC0511-F4F4-4AFE-AF44-DA8384A7BC8E}.Release|Any CPU.ActiveCfg = Release|x86
		{3AFC0511-F4F4-4AFE-AF44-DA8384A7BC8E}.Release|Mixed Platforms.ActiveCfg = Release|x86
		{3AFC0511-F4F4-4AFE-AF44-DA8384A7BC8E}.Release|Mixed Platforms.Build.0 = Release|x86
		{3AFC0511-F4F4-4AFE-AF44-DA8384A7BC8E}.Release|x86.ActiveCfg = Release|x86
		{3AFC0511-F4F4-4AFE-AF44-DA8384A7BC8E}.Release|x86.Build.0 = Release|x86
		{F27A289E-3376-4653-89F3-D19C1ECABF33}.Debug|Any CPU.ActiveCfg = Debug|Any CPU
		{F27A289E-3376-4653-89F3-D19C1ECABF33}.Debug|Any CPU.Build.0 = Debug|Any CPU
		{F27A289E-3376-4653-89F3-D19C1ECABF33}.Debug|Mixed Platforms.ActiveCfg = Debug|Any CPU
		{F27A289E-3376-4653-89F3-D19C1ECABF33}.Debug|Mixed Platforms.Build.0 = Debug|Any CPU
		{F27A289E-3376-4653-89F3-D19C1ECABF33}.Debug|x86.ActiveCfg = Debug|Any CPU
		{F27A289E-3376-4653-89F3-D19C1ECABF33}.Release|Any CPU.ActiveCfg = Release|Any CPU
		{F27A289E-3376-4653-89F3-D19C1ECABF33}.Release|Any CPU.Build.0 = Release|Any CPU
		{F27A289E-3376-4653-89F3-D19C1ECABF33}.Release|Mixed Platforms.ActiveCfg = Release|Any CPU
		{F27A289E-3376-4653-89F3-D19C1ECABF33}.Release|Mixed Platforms.Build.0 = Release|Any CPU
		{F27A289E-3376-4653-89F3-D19C1ECABF33}.Release|x86.ActiveCfg = Release|Any CPU
		{05BE44A7-DA2B-4631-8F6D-CA1C518A07D0}.Debug|Any CPU.ActiveCfg = Debug|Any CPU
		{05BE44A7-DA2B-4631-8F6D-CA1C518A07D0}.Debug|Any CPU.Build.0 = Debug|Any CPU
		{05BE44A7-DA2B-4631-8F6D-CA1C518A07D0}.Debug|Mixed Platforms.ActiveCfg = Debug|Any CPU
		{05BE44A7-DA2B-4631-8F6D-CA1C518A07D0}.Debug|Mixed Platforms.Build.0 = Debug|Any CPU
		{05BE44A7-DA2B-4631-8F6D-CA1C518A07D0}.Debug|x86.ActiveCfg = Debug|Any CPU
		{05BE44A7-DA2B-4631-8F6D-CA1C518A07D0}.Release|Any CPU.ActiveCfg = Release|Any CPU
		{05BE44A7-DA2B-4631-8F6D-CA1C518A07D0}.Release|Any CPU.Build.0 = Release|Any CPU
		{05BE44A7-DA2B-4631-8F6D-CA1C518A07D0}.Release|Mixed Platforms.ActiveCfg = Release|Any CPU
		{05BE44A7-DA2B-4631-8F6D-CA1C518A07D0}.Release|Mixed Platforms.Build.0 = Release|Any CPU
		{05BE44A7-DA2B-4631-8F6D-CA1C518A07D0}.Release|x86.ActiveCfg = Release|Any CPU
		{0DDD1B5F-14B2-4118-A306-1ED5BE05CA86}.Debug|Any CPU.ActiveCfg = Debug|x86
		{0DDD1B5F-14B2-4118-A306-1ED5BE05CA86}.Debug|Mixed Platforms.ActiveCfg = Debug|x86
		{0DDD1B5F-14B2-4118-A306-1ED5BE05CA86}.Debug|Mixed Platforms.Build.0 = Debug|x86
		{0DDD1B5F-14B2-4118-A306-1ED5BE05CA86}.Debug|x86.ActiveCfg = Debug|x86
		{0DDD1B5F-14B2-4118-A306-1ED5BE05CA86}.Debug|x86.Build.0 = Debug|x86
		{0DDD1B5F-14B2-4118-A306-1ED5BE05CA86}.Release|Any CPU.ActiveCfg = Release|x86
		{0DDD1B5F-14B2-4118-A306-1ED5BE05CA86}.Release|Mixed Platforms.ActiveCfg = Release|x86
		{0DDD1B5F-14B2-4118-A306-1ED5BE05CA86}.Release|Mixed Platforms.Build.0 = Release|x86
		{0DDD1B5F-14B2-4118-A306-1ED5BE05CA86}.Release|x86.ActiveCfg = Release|x86
		{0DDD1B5F-14B2-4118-A306-1ED5BE05CA86}.Release|x86.Build.0 = Release|x86
		{331555F4-86A1-41D9-AB3C-CBBCAD5C2D90}.Debug|Any CPU.ActiveCfg = Debug|x86
		{331555F4-86A1-41D9-AB3C-CBBCAD5C2D90}.Debug|Mixed Platforms.ActiveCfg = Debug|x86
		{331555F4-86A1-41D9-AB3C-CBBCAD5C2D90}.Debug|Mixed Platforms.Build.0 = Debug|x86
		{331555F4-86A1-41D9-AB3C-CBBCAD5C2D90}.Debug|x86.ActiveCfg = Debug|x86
		{331555F4-86A1-41D9-AB3C-CBBCAD5C2D90}.Debug|x86.Build.0 = Debug|x86
		{331555F4-86A1-41D9-AB3C-CBBCAD5C2D90}.Release|Any CPU.ActiveCfg = Release|x86
		{331555F4-86A1-41D9-AB3C-CBBCAD5C2D90}.Release|Mixed Platforms.ActiveCfg = Release|x86
		{331555F4-86A1-41D9-AB3C-CBBCAD5C2D90}.Release|Mixed Platforms.Build.0 = Release|x86
		{331555F4-86A1-41D9-AB3C-CBBCAD5C2D90}.Release|x86.ActiveCfg = Release|x86
		{331555F4-86A1-41D9-AB3C-CBBCAD5C2D90}.Release|x86.Build.0 = Release|x86
		{1D770869-49CD-4B0D-AF21-1B94BB98E8F7}.Debug|Any CPU.ActiveCfg = Debug|x86
		{1D770869-49CD-4B0D-AF21-1B94BB98E8F7}.Debug|Mixed Platforms.ActiveCfg = Debug|x86
		{1D770869-49CD-4B0D-AF21-1B94BB98E8F7}.Debug|Mixed Platforms.Build.0 = Debug|x86
		{1D770869-49CD-4B0D-AF21-1B94BB98E8F7}.Debug|x86.ActiveCfg = Debug|x86
		{1D770869-49CD-4B0D-AF21-1B94BB98E8F7}.Debug|x86.Build.0 = Debug|x86
		{1D770869-49CD-4B0D-AF21-1B94BB98E8F7}.Release|Any CPU.ActiveCfg = Release|x86
		{1D770869-49CD-4B0D-AF21-1B94BB98E8F7}.Release|Mixed Platforms.ActiveCfg = Release|x86
		{1D770869-49CD-4B0D-AF21-1B94BB98E8F7}.Release|Mixed Platforms.Build.0 = Release|x86
		{1D770869-49CD-4B0D-AF21-1B94BB98E8F7}.Release|x86.ActiveCfg = Release|x86
		{1D770869-49CD-4B0D-AF21-1B94BB98E8F7}.Release|x86.Build.0 = Release|x86
		{8B8FD634-A14B-4A30-A321-564ACE6A1CFB}.Debug|Any CPU.ActiveCfg = Debug|x86
		{8B8FD634-A14B-4A30-A321-564ACE6A1CFB}.Debug|Mixed Platforms.ActiveCfg = Debug|x86
		{8B8FD634-A14B-4A30-A321-564ACE6A1CFB}.Debug|Mixed Platforms.Build.0 = Debug|x86
		{8B8FD634-A14B-4A30-A321-564ACE6A1CFB}.Debug|x86.ActiveCfg = Debug|x86
		{8B8FD634-A14B-4A30-A321-564ACE6A1CFB}.Debug|x86.Build.0 = Debug|x86
		{8B8FD634-A14B-4A30-A321-564ACE6A1CFB}.Release|Any CPU.ActiveCfg = Release|x86
		{8B8FD634-A14B-4A30-A321-564ACE6A1CFB}.Release|Mixed Platforms.ActiveCfg = Release|x86
		{8B8FD634-A14B-4A30-A321-564ACE6A1CFB}.Release|Mixed Platforms.Build.0 = Release|x86
		{8B8FD634-A14B-4A30-A321-564ACE6A1CFB}.Release|x86.ActiveCfg = Release|x86
		{8B8FD634-A14B-4A30-A321-564ACE6A1CFB}.Release|x86.Build.0 = Release|x86
		{892A5036-FF59-41E9-AFDC-BC489AC435CD}.Debug|Any CPU.ActiveCfg = Debug|x86
		{892A5036-FF59-41E9-AFDC-BC489AC435CD}.Debug|Mixed Platforms.ActiveCfg = Debug|x86
		{892A5036-FF59-41E9-AFDC-BC489AC435CD}.Debug|Mixed Platforms.Build.0 = Debug|x86
		{892A5036-FF59-41E9-AFDC-BC489AC435CD}.Debug|x86.ActiveCfg = Debug|x86
		{892A5036-FF59-41E9-AFDC-BC489AC435CD}.Debug|x86.Build.0 = Debug|x86
		{892A5036-FF59-41E9-AFDC-BC489AC435CD}.Release|Any CPU.ActiveCfg = Release|x86
		{892A5036-FF59-41E9-AFDC-BC489AC435CD}.Release|Mixed Platforms.ActiveCfg = Release|x86
		{892A5036-FF59-41E9-AFDC-BC489AC435CD}.Release|Mixed Platforms.Build.0 = Release|x86
		{892A5036-FF59-41E9-AFDC-BC489AC435CD}.Release|x86.ActiveCfg = Release|x86
		{892A5036-FF59-41E9-AFDC-BC489AC435CD}.Release|x86.Build.0 = Release|x86
	EndGlobalSection
	GlobalSection(SolutionProperties) = preSolution
		HideSolutionNode = FALSE
	EndGlobalSection
	GlobalSection(NestedProjects) = preSolution
		{047857BA-DAA3-4CA7-AFB8-A1B082B28C6A} = {2E201B56-277D-40F6-8CAB-A9BC9D48C0A0}
		{C98A6CD6-9422-4B35-8B7A-F520D75534D1} = {2E201B56-277D-40F6-8CAB-A9BC9D48C0A0}
		{F27A289E-3376-4653-89F3-D19C1ECABF33} = {2E201B56-277D-40F6-8CAB-A9BC9D48C0A0}
		{936B8D92-3DD5-4CF5-9C87-A36A073E6BC2} = {4F52D6AF-0A03-442A-92CC-8ECFEB91E33A}
		{3AFC0511-F4F4-4AFE-AF44-DA8384A7BC8E} = {4F52D6AF-0A03-442A-92CC-8ECFEB91E33A}
		{331555F4-86A1-41D9-AB3C-CBBCAD5C2D90} = {4F52D6AF-0A03-442A-92CC-8ECFEB91E33A}
		{8B8FD634-A14B-4A30-A321-564ACE6A1CFB} = {4F52D6AF-0A03-442A-92CC-8ECFEB91E33A}
		{892A5036-FF59-41E9-AFDC-BC489AC435CD} = {4F52D6AF-0A03-442A-92CC-8ECFEB91E33A}
		{05BE44A7-DA2B-4631-8F6D-CA1C518A07D0} = {FD3DBD4B-DD60-4B1B-B73F-A14F6791B876}
		{1D770869-49CD-4B0D-AF21-1B94BB98E8F7} = {FD3DBD4B-DD60-4B1B-B73F-A14F6791B876}
	EndGlobalSection
EndGlobal
